
Microsoft Visual Studio Solution File, Format Version 11.00
# Visual Studio 2010
Project("{FAE04EC0-301F-11D3-BF4B-00C04F79EFBC}") = "ECore.Android", "ECore.Android.csproj", "{3BA275CC-3EEC-47C1-BBFD-000CDEB66D07}"
EndProject
Project("{FAE04EC0-301F-11D3-BF4B-00C04F79EFBC}") = "LUDN2.Android", "..\LUDN2\LUDN2.Android.csproj", "{10AF3B15-8F92-411C-82C3-EB0D8831E972}"
EndProject
Global
	GlobalSection(SolutionConfigurationPlatforms) = preSolution
		Debug|Any CPU = Debug|Any CPU
		Release|Any CPU = Release|Any CPU
	EndGlobalSection
	GlobalSection(ProjectConfigurationPlatforms) = postSolution
		{10AF3B15-8F92-411C-82C3-EB0D8831E972}.Debug|Any CPU.ActiveCfg = Debug|Any CPU
		{10AF3B15-8F92-411C-82C3-EB0D8831E972}.Debug|Any CPU.Build.0 = Debug|Any CPU
		{10AF3B15-8F92-411C-82C3-EB0D8831E972}.Release|Any CPU.ActiveCfg = Release|Any CPU
		{10AF3B15-8F92-411C-82C3-EB0D8831E972}.Release|Any CPU.Build.0 = Release|Any CPU
		{3BA275CC-3EEC-47C1-BBFD-000CDEB66D07}.Debug|Any CPU.ActiveCfg = Debug|Any CPU
		{3BA275CC-3EEC-47C1-BBFD-000CDEB66D07}.Debug|Any CPU.Build.0 = Debug|Any CPU
		{3BA275CC-3EEC-47C1-BBFD-000CDEB66D07}.Release|Any CPU.ActiveCfg = Release|Any CPU
		{3BA275CC-3EEC-47C1-BBFD-000CDEB66D07}.Release|Any CPU.Build.0 = Release|Any CPU
	EndGlobalSection
	GlobalSection(MonoDevelopProperties) = preSolution
		StartupItem = ECore.Android.csproj
	EndGlobalSection
EndGlobal
