
Microsoft Visual Studio Solution File, Format Version 11.00
# Visual Studio 2010
Project("{FAE04EC0-301F-11D3-BF4B-00C04F79EFBC}") = "ECore.iOS", "ECore.iOS.csproj", "{F09EF291-65DB-4412-8C6E-D6869DAD5343}"
EndProject
Project("{FAE04EC0-301F-11D3-BF4B-00C04F79EFBC}") = "LUDN2", "..\LUDN2\LUDN2.csproj", "{558E1773-40C4-47C9-8D72-4B81E0C99878}"
EndProject
Global
	GlobalSection(SolutionConfigurationPlatforms) = preSolution
		Debug|Any CPU = Debug|Any CPU
		Release|Any CPU = Release|Any CPU
		Debug|iPhoneSimulator = Debug|iPhoneSimulator
		Release|iPhoneSimulator = Release|iPhoneSimulator
		Debug|iPhone = Debug|iPhone
		Release|iPhone = Release|iPhone
		Ad-Hoc|iPhone = Ad-Hoc|iPhone
		AppStore|iPhone = AppStore|iPhone
	EndGlobalSection
	GlobalSection(ProjectConfigurationPlatforms) = postSolution
		{558E1773-40C4-47C9-8D72-4B81E0C99878}.Ad-Hoc|iPhone.ActiveCfg = Ad-Hoc|iPhone
		{558E1773-40C4-47C9-8D72-4B81E0C99878}.Ad-Hoc|iPhone.Build.0 = Ad-Hoc|iPhone
		{558E1773-40C4-47C9-8D72-4B81E0C99878}.AppStore|iPhone.ActiveCfg = AppStore|iPhone
		{558E1773-40C4-47C9-8D72-4B81E0C99878}.AppStore|iPhone.Build.0 = AppStore|iPhone
		{558E1773-40C4-47C9-8D72-4B81E0C99878}.Debug|Any CPU.ActiveCfg = Debug|iPhoneSimulator
		{558E1773-40C4-47C9-8D72-4B81E0C99878}.Debug|Any CPU.Build.0 = Debug|iPhoneSimulator
		{558E1773-40C4-47C9-8D72-4B81E0C99878}.Debug|iPhone.ActiveCfg = Debug|iPhone
		{558E1773-40C4-47C9-8D72-4B81E0C99878}.Debug|iPhone.Build.0 = Debug|iPhone
		{558E1773-40C4-47C9-8D72-4B81E0C99878}.Debug|iPhoneSimulator.ActiveCfg = Debug|iPhoneSimulator
		{558E1773-40C4-47C9-8D72-4B81E0C99878}.Debug|iPhoneSimulator.Build.0 = Debug|iPhoneSimulator
		{558E1773-40C4-47C9-8D72-4B81E0C99878}.Release|Any CPU.ActiveCfg = Release|iPhoneSimulator
		{558E1773-40C4-47C9-8D72-4B81E0C99878}.Release|Any CPU.Build.0 = Release|iPhoneSimulator
		{558E1773-40C4-47C9-8D72-4B81E0C99878}.Release|iPhone.ActiveCfg = Release|iPhone
		{558E1773-40C4-47C9-8D72-4B81E0C99878}.Release|iPhone.Build.0 = Release|iPhone
		{558E1773-40C4-47C9-8D72-4B81E0C99878}.Release|iPhoneSimulator.ActiveCfg = Release|iPhoneSimulator
		{558E1773-40C4-47C9-8D72-4B81E0C99878}.Release|iPhoneSimulator.Build.0 = Release|iPhoneSimulator
		{F09EF291-65DB-4412-8C6E-D6869DAD5343}.Ad-Hoc|iPhone.ActiveCfg = Debug|Any CPU
		{F09EF291-65DB-4412-8C6E-D6869DAD5343}.Ad-Hoc|iPhone.Build.0 = Debug|Any CPU
		{F09EF291-65DB-4412-8C6E-D6869DAD5343}.AppStore|iPhone.ActiveCfg = Debug|Any CPU
		{F09EF291-65DB-4412-8C6E-D6869DAD5343}.AppStore|iPhone.Build.0 = Debug|Any CPU
		{F09EF291-65DB-4412-8C6E-D6869DAD5343}.Debug|Any CPU.ActiveCfg = Debug|Any CPU
		{F09EF291-65DB-4412-8C6E-D6869DAD5343}.Debug|Any CPU.Build.0 = Debug|Any CPU
		{F09EF291-65DB-4412-8C6E-D6869DAD5343}.Debug|iPhone.ActiveCfg = Debug|Any CPU
		{F09EF291-65DB-4412-8C6E-D6869DAD5343}.Debug|iPhone.Build.0 = Debug|Any CPU
		{F09EF291-65DB-4412-8C6E-D6869DAD5343}.Debug|iPhoneSimulator.ActiveCfg = Debug|Any CPU
		{F09EF291-65DB-4412-8C6E-D6869DAD5343}.Debug|iPhoneSimulator.Build.0 = Debug|Any CPU
		{F09EF291-65DB-4412-8C6E-D6869DAD5343}.Release|Any CPU.ActiveCfg = Release|Any CPU
		{F09EF291-65DB-4412-8C6E-D6869DAD5343}.Release|Any CPU.Build.0 = Release|Any CPU
		{F09EF291-65DB-4412-8C6E-D6869DAD5343}.Release|iPhone.ActiveCfg = Release|Any CPU
		{F09EF291-65DB-4412-8C6E-D6869DAD5343}.Release|iPhone.Build.0 = Release|Any CPU
		{F09EF291-65DB-4412-8C6E-D6869DAD5343}.Release|iPhoneSimulator.ActiveCfg = Release|Any CPU
		{F09EF291-65DB-4412-8C6E-D6869DAD5343}.Release|iPhoneSimulator.Build.0 = Release|Any CPU
	EndGlobalSection
	GlobalSection(MonoDevelopProperties) = preSolution
		StartupItem = ECore.iOS.csproj
	EndGlobalSection
EndGlobal
